// !$*UTF8*$!
{
	archiveVersion = 1;
	classes = {
	};
	objectVersion = 77;
	objects = {

/* Begin PBXBuildFile section */
		0529041BCA007AD102A56E4B /* ScreenshotUITests.swift in Sources */ = {isa = PBXBuildFile; fileRef = 5FC4E8635B160E2F7D314EA4 /* ScreenshotUITests.swift */; };
		0629134083BBD31AABBE4BBE /* CoachMetrics.swift in Sources */ = {isa = PBXBuildFile; fileRef = 1F0E4D82D08FD82786752E3B /* CoachMetrics.swift */; };
		18307A3072EDB44CF88F7235 /* AppTheme.swift in Sources */ = {isa = PBXBuildFile; fileRef = 57821FB7ED2AEF423A923508 /* AppTheme.swift */; };
		1E9DF75E61BF8A1871E3A7CD /* APIError.swift in Sources */ = {isa = PBXBuildFile; fileRef = A9646A1DE798A2A117A5BF24 /* APIError.swift */; };
		1F9F0996D6A92117AE884D03 /* PetCompanionUITests.swift in Sources */ = {isa = PBXBuildFile; fileRef = 96E5ED9758D8F4CDEEE832AF /* PetCompanionUITests.swift */; };
		2573D98502CF3E753E4D37CD /* ClipStudioView.swift in Sources */ = {isa = PBXBuildFile; fileRef = 4A269050A0C771292EECB2B7 /* ClipStudioView.swift */; };
		2DF6F681DD218B370701030B /* VisionFaceMetrics.swift in Sources */ = {isa = PBXBuildFile; fileRef = E0A2CDDD2A191807607DD3C7 /* VisionFaceMetrics.swift */; };
		370D8959D14F436B2768DCC0 /* SpeechCoachEngine.swift in Sources */ = {isa = PBXBuildFile; fileRef = B046566B07175BAFA3050A96 /* SpeechCoachEngine.swift */; };
		39139233C7EF04A5DEE65253 /* CameraPreview.swift in Sources */ = {isa = PBXBuildFile; fileRef = 7128003E905D8E95193E2AD9 /* CameraPreview.swift */; };
		3A53D47AA924ED2648C8E0AD /* RecordStudioViewModel.swift in Sources */ = {isa = PBXBuildFile; fileRef = B08AA76B55E0D8D5C381B67A /* RecordStudioViewModel.swift */; };
		400E15283DE42292623E087E /* HomeView.swift in Sources */ = {isa = PBXBuildFile; fileRef = 39DAD93F8E2AF3133816C3EE /* HomeView.swift */; };
		435F8C2C214F23675C8F1BB3 /* MockURLProtocol.swift in Sources */ = {isa = PBXBuildFile; fileRef = 0469AE1DFE46F3726C4275A9 /* MockURLProtocol.swift */; };
		4465A28A06F06313866DDE33 /* VideoFileStore.swift in Sources */ = {isa = PBXBuildFile; fileRef = 410C185B75770B971B246FD5 /* VideoFileStore.swift */; };
		48D7EB3CBE03D79E95054913 /* AppThemeTests.swift in Sources */ = {isa = PBXBuildFile; fileRef = D0D8DF0C6945306F3BD8CD5E /* AppThemeTests.swift */; };
		4DA18331573A54D22FB85446 /* AppEnvironment.swift in Sources */ = {isa = PBXBuildFile; fileRef = BEF17B695D83A03B638CDFE0 /* AppEnvironment.swift */; };
		5589C46A869BD3BB09F2790B /* SettingsView.swift in Sources */ = {isa = PBXBuildFile; fileRef = F2E88F78C8298314767F7E15 /* SettingsView.swift */; };
		581CD626D3958C9CAE9AEAF2 /* MoonCutUITests.swift in Sources */ = {isa = PBXBuildFile; fileRef = 35B5984F643218D2542B8991 /* MoonCutUITests.swift */; };
		657C35F67FC7349670FADB92 /* AuthView.swift in Sources */ = {isa = PBXBuildFile; fileRef = 3EF5066633FE5FDF56E1EC5F /* AuthView.swift */; };
		659AF162632025CBD201CD76 /* APIConfiguration.swift in Sources */ = {isa = PBXBuildFile; fileRef = 659137D7EB2EC455E13BF88B /* APIConfiguration.swift */; };
		68E617E7DDD372173C0DCFF2 /* TeleprompterView.swift in Sources */ = {isa = PBXBuildFile; fileRef = 888658675171B638D144F74D /* TeleprompterView.swift */; };
		6D28F34D380D827ED3D231E8 /* MoonCutAPIClient.swift in Sources */ = {isa = PBXBuildFile; fileRef = 4BF7F1668915191EAD256DE6 /* MoonCutAPIClient.swift */; };
		7A1555668254B4992A537F13 /* CoachMetricsHUD.swift in Sources */ = {isa = PBXBuildFile; fileRef = C66B1B8502314ABBD9B25C68 /* CoachMetricsHUD.swift */; };
		8186F44609EC5885B38BC48C /* CoachView.swift in Sources */ = {isa = PBXBuildFile; fileRef = 8342062EF31E21E12D250ECB /* CoachView.swift */; };
		86F431C92B5B4288F94073BC /* VideoSurface.swift in Sources */ = {isa = PBXBuildFile; fileRef = 2A7D889328D35A39072D7E09 /* VideoSurface.swift */; };
		8A2B1516CB733F835D1F59C2 /* CertificateTrust.swift in Sources */ = {isa = PBXBuildFile; fileRef = ABD760695BE18AB6E6BD0D89 /* CertificateTrust.swift */; };
		8F7C1DDAA56ECA3ADD7AAD38 /* JobsView.swift in Sources */ = {isa = PBXBuildFile; fileRef = 41A9BB15ECED7086235B5FDF /* JobsView.swift */; };
		9D148AF3E66CE4F1C9A1E932 /* RootView.swift in Sources */ = {isa = PBXBuildFile; fileRef = 0951B623E5A89A0034B120EF /* RootView.swift */; };
		9E9CB304EE1367F81F9DDCC5 /* Assets.xcassets in Resources */ = {isa = PBXBuildFile; fileRef = 300DC07BE1DAF4988ECF1ADB /* Assets.xcassets */; };
		9EB0E48ACB6131DFF56266CC /* MoonCutAPIClientTests.swift in Sources */ = {isa = PBXBuildFile; fileRef = 68487154F9803763ABA839CC /* MoonCutAPIClientTests.swift */; };
		AA80F5124631532E712F1B35 /* mooncut-ca.crt in Resources */ = {isa = PBXBuildFile; fileRef = 1B5929C62562DE188F96F170 /* mooncut-ca.crt */; };
		B45E7ABFB1E6F3E2B38F1552 /* PetCompanionView.swift in Sources */ = {isa = PBXBuildFile; fileRef = 3D48C264AFAB6C1A4357CA2B /* PetCompanionView.swift */; };
		B49A43100A0194D79A5E8669 /* ClipStudioViewModel.swift in Sources */ = {isa = PBXBuildFile; fileRef = CD39F4A41BC3D0E16F26A3BA /* ClipStudioViewModel.swift */; };
		B60351C8D654F9478EDA1E6D /* PetStateStore.swift in Sources */ = {isa = PBXBuildFile; fileRef = 4A852A76F1548DEA5D4E4D05 /* PetStateStore.swift */; };
		CA16F8C940FF44DE94444561 /* CameraRecorder.swift in Sources */ = {isa = PBXBuildFile; fileRef = 0087B064CFF8F1D365BB0E1A /* CameraRecorder.swift */; };
		CC360321924318F46DC0C20A /* APIModels.swift in Sources */ = {isa = PBXBuildFile; fileRef = 8F11A3062A3395539DC3DE45 /* APIModels.swift */; };
		D48CDC4307F69FEFF5A34017 /* MoonCutApp.swift in Sources */ = {isa = PBXBuildFile; fileRef = E4F6FB8CCC6D1A2548CAF92A /* MoonCutApp.swift */; };
		E0C620D13D46B59974A078F8 /* CommunityView.swift in Sources */ = {isa = PBXBuildFile; fileRef = 5EA43BDF1AA94CE1E68288E6 /* CommunityView.swift */; };
		E3638F6A5884946CD8227A7A /* VideoAssetHandoffTests.swift in Sources */ = {isa = PBXBuildFile; fileRef = 2828D8334C7358A06A53D83A /* VideoAssetHandoffTests.swift */; };
		F379A5BD88D818C62E2642AE /* AppModels.swift in Sources */ = {isa = PBXBuildFile; fileRef = 42062026A1AF477CCB2AB410 /* AppModels.swift */; };
		F757E9FFAC756A84E48A0855 /* PetStateStoreTests.swift in Sources */ = {isa = PBXBuildFile; fileRef = 76A6A8A93AB8D400CD4B56FF /* PetStateStoreTests.swift */; };
		FAE8CB30C0FD2BEB82280E96 /* RecordStudioView.swift in Sources */ = {isa = PBXBuildFile; fileRef = 02328A7CA4470CF1B32D6DA5 /* RecordStudioView.swift */; };
		FBD2DF5437D7A52AC6CEE227 /* DesignSystem.swift in Sources */ = {isa = PBXBuildFile; fileRef = 464D8A635AB31DCE97CFC415 /* DesignSystem.swift */; };
/* End PBXBuildFile section */

/* Begin PBXContainerItemProxy section */
		A227A0B53F309F1C63B4AC11 /* PBXContainerItemProxy */ = {
			isa = PBXContainerItemProxy;
			containerPortal = DE521681B42CB85FE94F2E4F /* Project object */;
			proxyType = 1;
			remoteGlobalIDString = 3917A841007AF47421C234C3;
			remoteInfo = MoonCut;
		};
		E52B3D02EC84720907650315 /* PBXContainerItemProxy */ = {
			isa = PBXContainerItemProxy;
			containerPortal = DE521681B42CB85FE94F2E4F /* Project object */;
			proxyType = 1;
			remoteGlobalIDString = 3917A841007AF47421C234C3;
			remoteInfo = MoonCut;
		};
/* End PBXContainerItemProxy section */

/* Begin PBXFileReference section */
		0087B064CFF8F1D365BB0E1A /* CameraRecorder.swift */ = {isa = PBXFileReference; lastKnownFileType = sourcecode.swift; path = CameraRecorder.swift; sourceTree = "<group>"; };
		02328A7CA4470CF1B32D6DA5 /* RecordStudioView.swift */ = {isa = PBXFileReference; lastKnownFileType = sourcecode.swift; path = RecordStudioView.swift; sourceTree = "<group>"; };
		0469AE1DFE46F3726C4275A9 /* MockURLProtocol.swift */ = {isa = PBXFileReference; lastKnownFileType = sourcecode.swift; path = MockURLProtocol.swift; sourceTree = "<group>"; };
		0951B623E5A89A0034B120EF /* RootView.swift */ = {isa = PBXFileReference; lastKnownFileType = sourcecode.swift; path = RootView.swift; sourceTree = "<group>"; };
		1B5929C62562DE188F96F170 /* mooncut-ca.crt */ = {isa = PBXFileReference; path = "mooncut-ca.crt"; sourceTree = "<group>"; };
		1F0E4D82D08FD82786752E3B /* CoachMetrics.swift */ = {isa = PBXFileReference; lastKnownFileType = sourcecode.swift; path = CoachMetrics.swift; sourceTree = "<group>"; };
		2828D8334C7358A06A53D83A /* VideoAssetHandoffTests.swift */ = {isa = PBXFileReference; lastKnownFileType = sourcecode.swift; path = VideoAssetHandoffTests.swift; sourceTree = "<group>"; };
		2A7D889328D35A39072D7E09 /* VideoSurface.swift */ = {isa = PBXFileReference; lastKnownFileType = sourcecode.swift; path = VideoSurface.swift; sourceTree = "<group>"; };
		300DC07BE1DAF4988ECF1ADB /* Assets.xcassets */ = {isa = PBXFileReference; lastKnownFileType = folder.assetcatalog; path = Assets.xcassets; sourceTree = "<group>"; };
		35B5984F643218D2542B8991 /* MoonCutUITests.swift */ = {isa = PBXFileReference; lastKnownFileType = sourcecode.swift; path = MoonCutUITests.swift; sourceTree = "<group>"; };
		39DAD93F8E2AF3133816C3EE /* HomeView.swift */ = {isa = PBXFileReference; lastKnownFileType = sourcecode.swift; path = HomeView.swift; sourceTree = "<group>"; };
		3D40A0A5E8850CC5587A11CA /* MoonCutUITests.xctest */ = {isa = PBXFileReference; includeInIndex = 0; lastKnownFileType = wrapper.cfbundle; path = MoonCutUITests.xctest; sourceTree = BUILT_PRODUCTS_DIR; };
		3D48C264AFAB6C1A4357CA2B /* PetCompanionView.swift */ = {isa = PBXFileReference; lastKnownFileType = sourcecode.swift; path = PetCompanionView.swift; sourceTree = "<group>"; };
		3EF5066633FE5FDF56E1EC5F /* AuthView.swift */ = {isa = PBXFileReference; lastKnownFileType = sourcecode.swift; path = AuthView.swift; sourceTree = "<group>"; };
		410C185B75770B971B246FD5 /* VideoFileStore.swift */ = {isa = PBXFileReference; lastKnownFileType = sourcecode.swift; path = VideoFileStore.swift; sourceTree = "<group>"; };
		41A9BB15ECED7086235B5FDF /* JobsView.swift */ = {isa = PBXFileReference; lastKnownFileType = sourcecode.swift; path = JobsView.swift; sourceTree = "<group>"; };
		42062026A1AF477CCB2AB410 /* AppModels.swift */ = {isa = PBXFileReference; lastKnownFileType = sourcecode.swift; path = AppModels.swift; sourceTree = "<group>"; };
		464D8A635AB31DCE97CFC415 /* DesignSystem.swift */ = {isa = PBXFileReference; lastKnownFileType = sourcecode.swift; path = DesignSystem.swift; sourceTree = "<group>"; };
		4A269050A0C771292EECB2B7 /* ClipStudioView.swift */ = {isa = PBXFileReference; lastKnownFileType = sourcecode.swift; path = ClipStudioView.swift; sourceTree = "<group>"; };
		4A852A76F1548DEA5D4E4D05 /* PetStateStore.swift */ = {isa = PBXFileReference; lastKnownFileType = sourcecode.swift; path = PetStateStore.swift; sourceTree = "<group>"; };
		4BF7F1668915191EAD256DE6 /* MoonCutAPIClient.swift */ = {isa = PBXFileReference; lastKnownFileType = sourcecode.swift; path = MoonCutAPIClient.swift; sourceTree = "<group>"; };
		57821FB7ED2AEF423A923508 /* AppTheme.swift */ = {isa = PBXFileReference; lastKnownFileType = sourcecode.swift; path = AppTheme.swift; sourceTree = "<group>"; };
		587774D4C70B689ABFBDD47F /* Debug.xcconfig */ = {isa = PBXFileReference; lastKnownFileType = text.xcconfig; path = Debug.xcconfig; sourceTree = "<group>"; };
		5EA43BDF1AA94CE1E68288E6 /* CommunityView.swift */ = {isa = PBXFileReference; lastKnownFileType = sourcecode.swift; path = CommunityView.swift; sourceTree = "<group>"; };
		5FC4E8635B160E2F7D314EA4 /* ScreenshotUITests.swift */ = {isa = PBXFileReference; lastKnownFileType = sourcecode.swift; path = ScreenshotUITests.swift; sourceTree = "<group>"; };
		659137D7EB2EC455E13BF88B /* APIConfiguration.swift */ = {isa = PBXFileReference; lastKnownFileType = sourcecode.swift; path = APIConfiguration.swift; sourceTree = "<group>"; };
		68487154F9803763ABA839CC /* MoonCutAPIClientTests.swift */ = {isa = PBXFileReference; lastKnownFileType = sourcecode.swift; path = MoonCutAPIClientTests.swift; sourceTree = "<group>"; };
		7128003E905D8E95193E2AD9 /* CameraPreview.swift */ = {isa = PBXFileReference; lastKnownFileType = sourcecode.swift; path = CameraPreview.swift; sourceTree = "<group>"; };
		76A6A8A93AB8D400CD4B56FF /* PetStateStoreTests.swift */ = {isa = PBXFileReference; lastKnownFileType = sourcecode.swift; path = PetStateStoreTests.swift; sourceTree = "<group>"; };
		8342062EF31E21E12D250ECB /* CoachView.swift */ = {isa = PBXFileReference; lastKnownFileType = sourcecode.swift; path = CoachView.swift; sourceTree = "<group>"; };
		888658675171B638D144F74D /* TeleprompterView.swift */ = {isa = PBXFileReference; lastKnownFileType = sourcecode.swift; path = TeleprompterView.swift; sourceTree = "<group>"; };
		8B3F88D9819A032053866847 /* MoonCut.app */ = {isa = PBXFileReference; includeInIndex = 0; lastKnownFileType = wrapper.application; path = MoonCut.app; sourceTree = BUILT_PRODUCTS_DIR; };
		8F11A3062A3395539DC3DE45 /* APIModels.swift */ = {isa = PBXFileReference; lastKnownFileType = sourcecode.swift; path = APIModels.swift; sourceTree = "<group>"; };
		96E5ED9758D8F4CDEEE832AF /* PetCompanionUITests.swift */ = {isa = PBXFileReference; lastKnownFileType = sourcecode.swift; path = PetCompanionUITests.swift; sourceTree = "<group>"; };
		A9646A1DE798A2A117A5BF24 /* APIError.swift */ = {isa = PBXFileReference; lastKnownFileType = sourcecode.swift; path = APIError.swift; sourceTree = "<group>"; };
		ABD760695BE18AB6E6BD0D89 /* CertificateTrust.swift */ = {isa = PBXFileReference; lastKnownFileType = sourcecode.swift; path = CertificateTrust.swift; sourceTree = "<group>"; };
		B046566B07175BAFA3050A96 /* SpeechCoachEngine.swift */ = {isa = PBXFileReference; lastKnownFileType = sourcecode.swift; path = SpeechCoachEngine.swift; sourceTree = "<group>"; };
		B08AA76B55E0D8D5C381B67A /* RecordStudioViewModel.swift */ = {isa = PBXFileReference; lastKnownFileType = sourcecode.swift; path = RecordStudioViewModel.swift; sourceTree = "<group>"; };
		BEF17B695D83A03B638CDFE0 /* AppEnvironment.swift */ = {isa = PBXFileReference; lastKnownFileType = sourcecode.swift; path = AppEnvironment.swift; sourceTree = "<group>"; };
		C66B1B8502314ABBD9B25C68 /* CoachMetricsHUD.swift */ = {isa = PBXFileReference; lastKnownFileType = sourcecode.swift; path = CoachMetricsHUD.swift; sourceTree = "<group>"; };
		CD39F4A41BC3D0E16F26A3BA /* ClipStudioViewModel.swift */ = {isa = PBXFileReference; lastKnownFileType = sourcecode.swift; path = ClipStudioViewModel.swift; sourceTree = "<group>"; };
		D00A28F6676057F8866020E2 /* Release.xcconfig */ = {isa = PBXFileReference; lastKnownFileType = text.xcconfig; path = Release.xcconfig; sourceTree = "<group>"; };
		D0D8DF0C6945306F3BD8CD5E /* AppThemeTests.swift */ = {isa = PBXFileReference; lastKnownFileType = sourcecode.swift; path = AppThemeTests.swift; sourceTree = "<group>"; };
		D7C036C98914BE0B4BC8B3E4 /* MoonCutTests.xctest */ = {isa = PBXFileReference; includeInIndex = 0; lastKnownFileType = wrapper.cfbundle; path = MoonCutTests.xctest; sourceTree = BUILT_PRODUCTS_DIR; };
		E0A2CDDD2A191807607DD3C7 /* VisionFaceMetrics.swift */ = {isa = PBXFileReference; lastKnownFileType = sourcecode.swift; path = VisionFaceMetrics.swift; sourceTree = "<group>"; };
		E4F6FB8CCC6D1A2548CAF92A /* MoonCutApp.swift */ = {isa = PBXFileReference; lastKnownFileType = sourcecode.swift; path = MoonCutApp.swift; sourceTree = "<group>"; };
		F2E88F78C8298314767F7E15 /* SettingsView.swift */ = {isa = PBXFileReference; lastKnownFileType = sourcecode.swift; path = SettingsView.swift; sourceTree = "<group>"; };
/* End PBXFileReference section */

/* Begin PBXGroup section */
		09EA7C280566110C7937E9FB = {
			isa = PBXGroup;
			children = (
				CD3387DB5E194FF860C93CB2 /* Config */,
				9A5DFF61EFB7D1917F300BEB /* MoonCut */,
				7F7F399DFD3F441548E022F7 /* MoonCutTests */,
				F44C04BCE3D1AF9FDA50D7D9 /* MoonCutUITests */,
				A3FC05FA87A72E23B9A2E517 /* Products */,
			);
			sourceTree = "<group>";
		};
		0E1EA886C3E1F8A9F24F5D4F /* Components */ = {
			isa = PBXGroup;
			children = (
				7128003E905D8E95193E2AD9 /* CameraPreview.swift */,
				2A7D889328D35A39072D7E09 /* VideoSurface.swift */,
			);
			path = Components;
			sourceTree = "<group>";
		};
		1113531EFA507678634396C6 /* Edit */ = {
			isa = PBXGroup;
			children = (
				4A269050A0C771292EECB2B7 /* ClipStudioView.swift */,
				CD39F4A41BC3D0E16F26A3BA /* ClipStudioViewModel.swift */,
			);
			path = Edit;
			sourceTree = "<group>";
		};
		1EE95ACCF3076D887122367A /* Services */ = {
			isa = PBXGroup;
			children = (
				534C772FED52B760A74A6D49 /* API */,
				74C057BA70CF64FAB35CEB9A /* Coaching */,
				8516EEAFA8C58EB16C1B5C31 /* Media */,
			);
			path = Services;
			sourceTree = "<group>";
		};
		3474ECE3BD7BFDDBF2FE30AF /* Pet */ = {
			isa = PBXGroup;
			children = (
				3D48C264AFAB6C1A4357CA2B /* PetCompanionView.swift */,
				4A852A76F1548DEA5D4E4D05 /* PetStateStore.swift */,
			);
			path = Pet;
			sourceTree = "<group>";
		};
		5261D6CF4EBC35F8DF25952D /* Settings */ = {
			isa = PBXGroup;
			children = (
				F2E88F78C8298314767F7E15 /* SettingsView.swift */,
			);
			path = Settings;
			sourceTree = "<group>";
		};
		534C772FED52B760A74A6D49 /* API */ = {
			isa = PBXGroup;
			children = (
				659137D7EB2EC455E13BF88B /* APIConfiguration.swift */,
				A9646A1DE798A2A117A5BF24 /* APIError.swift */,
				8F11A3062A3395539DC3DE45 /* APIModels.swift */,
				ABD760695BE18AB6E6BD0D89 /* CertificateTrust.swift */,
				4BF7F1668915191EAD256DE6 /* MoonCutAPIClient.swift */,
			);
			path = API;
			sourceTree = "<group>";
		};
		5BBF8D7C495A959A1D5FFC72 /* API */ = {
			isa = PBXGroup;
			children = (
				0469AE1DFE46F3726C4275A9 /* MockURLProtocol.swift */,
				68487154F9803763ABA839CC /* MoonCutAPIClientTests.swift */,
			);
			path = API;
			sourceTree = "<group>";
		};
		68B91E85EDB3319EB9625F81 /* Models */ = {
			isa = PBXGroup;
			children = (
				42062026A1AF477CCB2AB410 /* AppModels.swift */,
				1F0E4D82D08FD82786752E3B /* CoachMetrics.swift */,
			);
			path = Models;
			sourceTree = "<group>";
		};
		6EB0C4B59C28ACBA98E6C7A0 /* Media */ = {
			isa = PBXGroup;
			children = (
				2828D8334C7358A06A53D83A /* VideoAssetHandoffTests.swift */,
			);
			path = Media;
			sourceTree = "<group>";
		};
		7403C0F391153C62EF73BA5F /* Community */ = {
			isa = PBXGroup;
			children = (
				5EA43BDF1AA94CE1E68288E6 /* CommunityView.swift */,
			);
			path = Community;
			sourceTree = "<group>";
		};
		74C057BA70CF64FAB35CEB9A /* Coaching */ = {
			isa = PBXGroup;
			children = (
				B046566B07175BAFA3050A96 /* SpeechCoachEngine.swift */,
				E0A2CDDD2A191807607DD3C7 /* VisionFaceMetrics.swift */,
			);
			path = Coaching;
			sourceTree = "<group>";
		};
		7F7F399DFD3F441548E022F7 /* MoonCutTests */ = {
			isa = PBXGroup;
			children = (
				5BBF8D7C495A959A1D5FFC72 /* API */,
				6EB0C4B59C28ACBA98E6C7A0 /* Media */,
				93477865A82E88649BFACCE6 /* Pet */,
				EA7E6530448291613F90D2DD /* Theme */,
			);
			path = MoonCutTests;
			sourceTree = "<group>";
		};
		8516EEAFA8C58EB16C1B5C31 /* Media */ = {
			isa = PBXGroup;
			children = (
				0087B064CFF8F1D365BB0E1A /* CameraRecorder.swift */,
				410C185B75770B971B246FD5 /* VideoFileStore.swift */,
			);
			path = Media;
			sourceTree = "<group>";
		};
		93477865A82E88649BFACCE6 /* Pet */ = {
			isa = PBXGroup;
			children = (
				76A6A8A93AB8D400CD4B56FF /* PetStateStoreTests.swift */,
			);
			path = Pet;
			sourceTree = "<group>";
		};
		9A5DFF61EFB7D1917F300BEB /* MoonCut */ = {
			isa = PBXGroup;
			children = (
				300DC07BE1DAF4988ECF1ADB /* Assets.xcassets */,
				E4F6FB8CCC6D1A2548CAF92A /* MoonCutApp.swift */,
				FEC138839DAE5B110D37D4B9 /* App */,
				F273FF09813155CC3D92F8D8 /* Core */,
				A0DE737DCCC30D5BC8E304CA /* Features */,
				AEFAF2F12A5AAC6C1BC6E8AB /* Resources */,
				1EE95ACCF3076D887122367A /* Services */,
				FC484EA9953CEF57A706B321 /* Views */,
			);
			path = MoonCut;
			sourceTree = "<group>";
		};
		9B52A08261D17EB80AB0C45D /* DesignSystem */ = {
			isa = PBXGroup;
			children = (
				57821FB7ED2AEF423A923508 /* AppTheme.swift */,
				464D8A635AB31DCE97CFC415 /* DesignSystem.swift */,
			);
			path = DesignSystem;
			sourceTree = "<group>";
		};
		A0DE737DCCC30D5BC8E304CA /* Features */ = {
			isa = PBXGroup;
			children = (
				CEB8CEF6BA2CEA1B94E8DC82 /* Auth */,
				AC9D81FB7A3B7D2EB7EED935 /* Coach */,
				7403C0F391153C62EF73BA5F /* Community */,
				1113531EFA507678634396C6 /* Edit */,
				E576BA95622F03FF141C56CC /* Home */,
				DD99709C4BA06CDCB2CE1350 /* Jobs */,
				E04C67B71FFE5487273EBF91 /* Record */,
				5261D6CF4EBC35F8DF25952D /* Settings */,
			);
			path = Features;
			sourceTree = "<group>";
		};
		A3FC05FA87A72E23B9A2E517 /* Products */ = {
			isa = PBXGroup;
			children = (
				8B3F88D9819A032053866847 /* MoonCut.app */,
				D7C036C98914BE0B4BC8B3E4 /* MoonCutTests.xctest */,
				3D40A0A5E8850CC5587A11CA /* MoonCutUITests.xctest */,
			);
			name = Products;
			sourceTree = "<group>";
		};
		AC9D81FB7A3B7D2EB7EED935 /* Coach */ = {
			isa = PBXGroup;
			children = (
				C66B1B8502314ABBD9B25C68 /* CoachMetricsHUD.swift */,
				8342062EF31E21E12D250ECB /* CoachView.swift */,
			);
			path = Coach;
			sourceTree = "<group>";
		};
		AEFAF2F12A5AAC6C1BC6E8AB /* Resources */ = {
			isa = PBXGroup;
			children = (
				1B5929C62562DE188F96F170 /* mooncut-ca.crt */,
			);
			path = Resources;
			sourceTree = "<group>";
		};
		CD3387DB5E194FF860C93CB2 /* Config */ = {
			isa = PBXGroup;
			children = (
				587774D4C70B689ABFBDD47F /* Debug.xcconfig */,
				D00A28F6676057F8866020E2 /* Release.xcconfig */,
			);
			path = Config;
			sourceTree = "<group>";
		};
		CEB8CEF6BA2CEA1B94E8DC82 /* Auth */ = {
			isa = PBXGroup;
			children = (
				3EF5066633FE5FDF56E1EC5F /* AuthView.swift */,
			);
			path = Auth;
			sourceTree = "<group>";
		};
		DD99709C4BA06CDCB2CE1350 /* Jobs */ = {
			isa = PBXGroup;
			children = (
				41A9BB15ECED7086235B5FDF /* JobsView.swift */,
			);
			path = Jobs;
			sourceTree = "<group>";
		};
		E04C67B71FFE5487273EBF91 /* Record */ = {
			isa = PBXGroup;
			children = (
				02328A7CA4470CF1B32D6DA5 /* RecordStudioView.swift */,
				B08AA76B55E0D8D5C381B67A /* RecordStudioViewModel.swift */,
				888658675171B638D144F74D /* TeleprompterView.swift */,
			);
			path = Record;
			sourceTree = "<group>";
		};
		E576BA95622F03FF141C56CC /* Home */ = {
			isa = PBXGroup;
			children = (
				39DAD93F8E2AF3133816C3EE /* HomeView.swift */,
			);
			path = Home;
			sourceTree = "<group>";
		};
		EA7E6530448291613F90D2DD /* Theme */ = {
			isa = PBXGroup;
			children = (
				D0D8DF0C6945306F3BD8CD5E /* AppThemeTests.swift */,
			);
			path = Theme;
			sourceTree = "<group>";
		};
		F273FF09813155CC3D92F8D8 /* Core */ = {
			isa = PBXGroup;
			children = (
				9B52A08261D17EB80AB0C45D /* DesignSystem */,
				68B91E85EDB3319EB9625F81 /* Models */,
				3474ECE3BD7BFDDBF2FE30AF /* Pet */,
			);
			path = Core;
			sourceTree = "<group>";
		};
		F44C04BCE3D1AF9FDA50D7D9 /* MoonCutUITests */ = {
			isa = PBXGroup;
			children = (
				35B5984F643218D2542B8991 /* MoonCutUITests.swift */,
				96E5ED9758D8F4CDEEE832AF /* PetCompanionUITests.swift */,
				5FC4E8635B160E2F7D314EA4 /* ScreenshotUITests.swift */,
			);
			path = MoonCutUITests;
			sourceTree = "<group>";
		};
		FC484EA9953CEF57A706B321 /* Views */ = {
			isa = PBXGroup;
			children = (
				0951B623E5A89A0034B120EF /* RootView.swift */,
				0E1EA886C3E1F8A9F24F5D4F /* Components */,
			);
			path = Views;
			sourceTree = "<group>";
		};
		FEC138839DAE5B110D37D4B9 /* App */ = {
			isa = PBXGroup;
			children = (
				BEF17B695D83A03B638CDFE0 /* AppEnvironment.swift */,
			);
			path = App;
			sourceTree = "<group>";
		};
/* End PBXGroup section */

/* Begin PBXNativeTarget section */
		3917A841007AF47421C234C3 /* MoonCut */ = {
			isa = PBXNativeTarget;
			buildConfigurationList = 071009D80A03DD503719558A /* Build configuration list for PBXNativeTarget "MoonCut" */;
			buildPhases = (
				AB9155F35BC983BF825BD3BE /* Sources */,
				BA3C153D33BD9B758C197E77 /* Resources */,
			);
			buildRules = (
			);
			dependencies = (
			);
			name = MoonCut;
			packageProductDependencies = (
			);
			productName = MoonCut;
			productReference = 8B3F88D9819A032053866847 /* MoonCut.app */;
			productType = "com.apple.product-type.application";
		};
		B209C5183D8F7CF241E30F4A /* MoonCutTests */ = {
			isa = PBXNativeTarget;
			buildConfigurationList = 293A479DE5F5FEDB35286519 /* Build configuration list for PBXNativeTarget "MoonCutTests" */;
			buildPhases = (
				F80FB5802B362CBB04090A51 /* Sources */,
			);
			buildRules = (
			);
			dependencies = (
				B04F4DCB5C30E835617ABB6F /* PBXTargetDependency */,
			);
			name = MoonCutTests;
			packageProductDependencies = (
			);
			productName = MoonCutTests;
			productReference = D7C036C98914BE0B4BC8B3E4 /* MoonCutTests.xctest */;
			productType = "com.apple.product-type.bundle.unit-test";
		};
		D61CFE3B661587F56B977B96 /* MoonCutUITests */ = {
			isa = PBXNativeTarget;
			buildConfigurationList = 8CFDED73921A87A69D51E380 /* Build configuration list for PBXNativeTarget "MoonCutUITests" */;
			buildPhases = (
				2B2206E18D859AD0B380940D /* Sources */,
			);
			buildRules = (
			);
			dependencies = (
				F5AF30BA6995F32E2F9BE05F /* PBXTargetDependency */,
			);
			name = MoonCutUITests;
			packageProductDependencies = (
			);
			productName = MoonCutUITests;
			productReference = 3D40A0A5E8850CC5587A11CA /* MoonCutUITests.xctest */;
			productType = "com.apple.product-type.bundle.ui-testing";
		};
/* End PBXNativeTarget section */

/* Begin PBXProject section */
		DE521681B42CB85FE94F2E4F /* Project object */ = {
			isa = PBXProject;
			attributes = {
				BuildIndependentTargetsInParallel = YES;
				LastUpgradeCheck = 1430;
				TargetAttributes = {
					3917A841007AF47421C234C3 = {
						DevelopmentTeam = "";
						ProvisioningStyle = Automatic;
					};
					B209C5183D8F7CF241E30F4A = {
						DevelopmentTeam = "";
						ProvisioningStyle = Automatic;
					};
					D61CFE3B661587F56B977B96 = {
						DevelopmentTeam = "";
						ProvisioningStyle = Automatic;
						TestTargetID = 3917A841007AF47421C234C3;
					};
				};
			};
			buildConfigurationList = 780279CC8416D4B36CAC85EA /* Build configuration list for PBXProject "MoonCut" */;
			developmentRegion = en;
			hasScannedForEncodings = 0;
			knownRegions = (
				Base,
				en,
			);
			mainGroup = 09EA7C280566110C7937E9FB;
			minimizedProjectReferenceProxies = 1;
			preferredProjectObjectVersion = 77;
			productRefGroup = A3FC05FA87A72E23B9A2E517 /* Products */;
			projectDirPath = "";
			projectRoot = "";
			targets = (
				3917A841007AF47421C234C3 /* MoonCut */,
				B209C5183D8F7CF241E30F4A /* MoonCutTests */,
				D61CFE3B661587F56B977B96 /* MoonCutUITests */,
			);
		};
/* End PBXProject section */

/* Begin PBXResourcesBuildPhase section */
		BA3C153D33BD9B758C197E77 /* Resources */ = {
			isa = PBXResourcesBuildPhase;
			buildActionMask = 2147483647;
			files = (
				9E9CB304EE1367F81F9DDCC5 /* Assets.xcassets in Resources */,
				AA80F5124631532E712F1B35 /* mooncut-ca.crt in Resources */,
			);
			runOnlyForDeploymentPostprocessing = 0;
		};
/* End PBXResourcesBuildPhase section */

/* Begin PBXSourcesBuildPhase section */
		2B2206E18D859AD0B380940D /* Sources */ = {
			isa = PBXSourcesBuildPhase;
			buildActionMask = 2147483647;
			files = (
				581CD626D3958C9CAE9AEAF2 /* MoonCutUITests.swift in Sources */,
				1F9F0996D6A92117AE884D03 /* PetCompanionUITests.swift in Sources */,
				0529041BCA007AD102A56E4B /* ScreenshotUITests.swift in Sources */,
			);
			runOnlyForDeploymentPostprocessing = 0;
		};
		AB9155F35BC983BF825BD3BE /* Sources */ = {
			isa = PBXSourcesBuildPhase;
			buildActionMask = 2147483647;
			files = (
				659AF162632025CBD201CD76 /* APIConfiguration.swift in Sources */,
				1E9DF75E61BF8A1871E3A7CD /* APIError.swift in Sources */,
				CC360321924318F46DC0C20A /* APIModels.swift in Sources */,
				4DA18331573A54D22FB85446 /* AppEnvironment.swift in Sources */,
				F379A5BD88D818C62E2642AE /* AppModels.swift in Sources */,
				18307A3072EDB44CF88F7235 /* AppTheme.swift in Sources */,
				657C35F67FC7349670FADB92 /* AuthView.swift in Sources */,
				39139233C7EF04A5DEE65253 /* CameraPreview.swift in Sources */,
				CA16F8C940FF44DE94444561 /* CameraRecorder.swift in Sources */,
				8A2B1516CB733F835D1F59C2 /* CertificateTrust.swift in Sources */,
				2573D98502CF3E753E4D37CD /* ClipStudioView.swift in Sources */,
				B49A43100A0194D79A5E8669 /* ClipStudioViewModel.swift in Sources */,
				0629134083BBD31AABBE4BBE /* CoachMetrics.swift in Sources */,
				7A1555668254B4992A537F13 /* CoachMetricsHUD.swift in Sources */,
				8186F44609EC5885B38BC48C /* CoachView.swift in Sources */,
				E0C620D13D46B59974A078F8 /* CommunityView.swift in Sources */,
				FBD2DF5437D7A52AC6CEE227 /* DesignSystem.swift in Sources */,
				400E15283DE42292623E087E /* HomeView.swift in Sources */,
				8F7C1DDAA56ECA3ADD7AAD38 /* JobsView.swift in Sources */,
				6D28F34D380D827ED3D231E8 /* MoonCutAPIClient.swift in Sources */,
				D48CDC4307F69FEFF5A34017 /* MoonCutApp.swift in Sources */,
				B45E7ABFB1E6F3E2B38F1552 /* PetCompanionView.swift in Sources */,
				B60351C8D654F9478EDA1E6D /* PetStateStore.swift in Sources */,
				FAE8CB30C0FD2BEB82280E96 /* RecordStudioView.swift in Sources */,
				3A53D47AA924ED2648C8E0AD /* RecordStudioViewModel.swift in Sources */,
				9D148AF3E66CE4F1C9A1E932 /* RootView.swift in Sources */,
				5589C46A869BD3BB09F2790B /* SettingsView.swift in Sources */,
				370D8959D14F436B2768DCC0 /* SpeechCoachEngine.swift in Sources */,
				68E617E7DDD372173C0DCFF2 /* TeleprompterView.swift in Sources */,
				4465A28A06F06313866DDE33 /* VideoFileStore.swift in Sources */,
				86F431C92B5B4288F94073BC /* VideoSurface.swift in Sources */,
				2DF6F681DD218B370701030B /* VisionFaceMetrics.swift in Sources */,
			);
			runOnlyForDeploymentPostprocessing = 0;
		};
		F80FB5802B362CBB04090A51 /* Sources */ = {
			isa = PBXSourcesBuildPhase;
			buildActionMask = 2147483647;
			files = (
				48D7EB3CBE03D79E95054913 /* AppThemeTests.swift in Sources */,
				435F8C2C214F23675C8F1BB3 /* MockURLProtocol.swift in Sources */,
				9EB0E48ACB6131DFF56266CC /* MoonCutAPIClientTests.swift in Sources */,
				F757E9FFAC756A84E48A0855 /* PetStateStoreTests.swift in Sources */,
				E3638F6A5884946CD8227A7A /* VideoAssetHandoffTests.swift in Sources */,
			);
			runOnlyForDeploymentPostprocessing = 0;
		};
/* End PBXSourcesBuildPhase section */

/* Begin PBXTargetDependency section */
		B04F4DCB5C30E835617ABB6F /* PBXTargetDependency */ = {
			isa = PBXTargetDependency;
			target = 3917A841007AF47421C234C3 /* MoonCut */;
			targetProxy = E52B3D02EC84720907650315 /* PBXContainerItemProxy */;
		};
		F5AF30BA6995F32E2F9BE05F /* PBXTargetDependency */ = {
			isa = PBXTargetDependency;
			target = 3917A841007AF47421C234C3 /* MoonCut */;
			targetProxy = A227A0B53F309F1C63B4AC11 /* PBXContainerItemProxy */;
		};
/* End PBXTargetDependency section */

/* Begin XCBuildConfiguration section */
		1B48351D83BB799ACB9FC3D4 /* Debug */ = {
			isa = XCBuildConfiguration;
			buildSettings = {
				BUNDLE_LOADER = "$(TEST_HOST)";
				GENERATE_INFOPLIST_FILE = YES;
				LD_RUNPATH_SEARCH_PATHS = (
					"$(inherited)",
					"@executable_path/Frameworks",
					"@loader_path/Frameworks",
				);
				PRODUCT_BUNDLE_IDENTIFIER = com.mooncut.demo.uitests;
				SDKROOT = iphoneos;
				TARGETED_DEVICE_FAMILY = "1,2";
				TEST_TARGET_NAME = MoonCut;
			};
			name = Debug;
		};
		4BBFC66BBECCA26BABE3D8B5 /* Release */ = {
			isa = XCBuildConfiguration;
			baseConfigurationReference = D00A28F6676057F8866020E2 /* Release.xcconfig */;
			buildSettings = {
				ALWAYS_SEARCH_USER_PATHS = NO;
				CLANG_ANALYZER_NONNULL = YES;
				CLANG_ANALYZER_NUMBER_OBJECT_CONVERSION = YES_AGGRESSIVE;
				CLANG_CXX_LANGUAGE_STANDARD = "gnu++14";
				CLANG_CXX_LIBRARY = "libc++";
				CLANG_ENABLE_MODULES = YES;
				CLANG_ENABLE_OBJC_ARC = YES;
				CLANG_ENABLE_OBJC_WEAK = YES;
				CLANG_WARN_BLOCK_CAPTURE_AUTORELEASING = YES;
				CLANG_WARN_BOOL_CONVERSION = YES;
				CLANG_WARN_COMMA = YES;
				CLANG_WARN_CONSTANT_CONVERSION = YES;
				CLANG_WARN_DEPRECATED_OBJC_IMPLEMENTATIONS = YES;
				CLANG_WARN_DIRECT_OBJC_ISA_USAGE = YES_ERROR;
				CLANG_WARN_DOCUMENTATION_COMMENTS = YES;
				CLANG_WARN_EMPTY_BODY = YES;
				CLANG_WARN_ENUM_CONVERSION = YES;
				CLANG_WARN_INFINITE_RECURSION = YES;
				CLANG_WARN_INT_CONVERSION = YES;
				CLANG_WARN_NON_LITERAL_NULL_CONVERSION = YES;
				CLANG_WARN_OBJC_IMPLICIT_RETAIN_SELF = YES;
				CLANG_WARN_OBJC_LITERAL_CONVERSION = YES;
				CLANG_WARN_OBJC_ROOT_CLASS = YES_ERROR;
				CLANG_WARN_QUOTED_INCLUDE_IN_FRAMEWORK_HEADER = YES;
				CLANG_WARN_RANGE_LOOP_ANALYSIS = YES;
				CLANG_WARN_STRICT_PROTOTYPES = YES;
				CLANG_WARN_SUSPICIOUS_MOVE = YES;
				CLANG_WARN_UNGUARDED_AVAILABILITY = YES_AGGRESSIVE;
				CLANG_WARN_UNREACHABLE_CODE = YES;
				CLANG_WARN__DUPLICATE_METHOD_MATCH = YES;
				CODE_SIGN_STYLE = Automatic;
				COPY_PHASE_STRIP = NO;
				DEBUG_INFORMATION_FORMAT = "dwarf-with-dsym";
				DEVELOPMENT_TEAM = "";
				ENABLE_NS_ASSERTIONS = NO;
				ENABLE_STRICT_OBJC_MSGSEND = YES;
				GCC_C_LANGUAGE_STANDARD = gnu11;
				GCC_NO_COMMON_BLOCKS = YES;
				GCC_WARN_64_TO_32_BIT_CONVERSION = YES;
				GCC_WARN_ABOUT_RETURN_TYPE = YES_ERROR;
				GCC_WARN_UNDECLARED_SELECTOR = YES;
				GCC_WARN_UNINITIALIZED_AUTOS = YES_AGGRESSIVE;
				GCC_WARN_UNUSED_FUNCTION = YES;
				GCC_WARN_UNUSED_VARIABLE = YES;
				IPHONEOS_DEPLOYMENT_TARGET = 17.0;
				MTL_ENABLE_DEBUG_INFO = NO;
				MTL_FAST_MATH = YES;
				PRODUCT_NAME = "$(TARGET_NAME)";
				SDKROOT = iphoneos;
				SUPPORTS_MACCATALYST = NO;
				SWIFT_COMPILATION_MODE = wholemodule;
				SWIFT_OPTIMIZATION_LEVEL = "-O";
				SWIFT_VERSION = 5.0;
				TARGETED_DEVICE_FAMILY = 1;
			};
			name = Release;
		};
		5FCF40163BCD2F26262183C9 /* Debug */ = {
			isa = XCBuildConfiguration;
			buildSettings = {
				ASSETCATALOG_COMPILER_APPICON_NAME = AppIcon;
				CODE_SIGN_IDENTITY = "iPhone Developer";
				CURRENT_PROJECT_VERSION = 1;
				GENERATE_INFOPLIST_FILE = NO;
				INFOPLIST_FILE = MoonCut/Info.plist;
				LD_RUNPATH_SEARCH_PATHS = (
					"$(inherited)",
					"@executable_path/Frameworks",
				);
				MARKETING_VERSION = 1.0.0;
				MOONCUT_API_BASE_URL = "$(MOONCUT_API_BASE_URL)";
				MOONCUT_TRUSTED_HOST = "$(MOONCUT_TRUSTED_HOST)";
				PRODUCT_BUNDLE_IDENTIFIER = com.mooncut.demo;
				PRODUCT_NAME = MoonCut;
				SDKROOT = iphoneos;
				SWIFT_ACTIVE_COMPILATION_CONDITIONS = DEBUG;
				TARGETED_DEVICE_FAMILY = "1,2";
			};
			name = Debug;
		};
		87BFB34E922180B27CBCDBD2 /* Release */ = {
			isa = XCBuildConfiguration;
			buildSettings = {
				BUNDLE_LOADER = "$(TEST_HOST)";
				GENERATE_INFOPLIST_FILE = YES;
				LD_RUNPATH_SEARCH_PATHS = (
					"$(inherited)",
					"@executable_path/Frameworks",
					"@loader_path/Frameworks",
				);
				PRODUCT_BUNDLE_IDENTIFIER = com.mooncut.demo.uitests;
				SDKROOT = iphoneos;
				TARGETED_DEVICE_FAMILY = "1,2";
				TEST_TARGET_NAME = MoonCut;
			};
			name = Release;
		};
		C89C829F42896E4D62DB858C /* Release */ = {
			isa = XCBuildConfiguration;
			buildSettings = {
				BUNDLE_LOADER = "$(TEST_HOST)";
				GENERATE_INFOPLIST_FILE = YES;
				LD_RUNPATH_SEARCH_PATHS = (
					"$(inherited)",
					"@executable_path/Frameworks",
					"@loader_path/Frameworks",
				);
				PRODUCT_BUNDLE_IDENTIFIER = com.mooncut.demo.tests;
				SDKROOT = iphoneos;
				TARGETED_DEVICE_FAMILY = "1,2";
				TEST_HOST = "$(BUILT_PRODUCTS_DIR)/MoonCut.app/MoonCut";
			};
			name = Release;
		};
		F1798BD895900327B0DB7DAF /* Release */ = {
			isa = XCBuildConfiguration;
			buildSettings = {
				ASSETCATALOG_COMPILER_APPICON_NAME = AppIcon;
				CODE_SIGN_IDENTITY = "iPhone Developer";
				CURRENT_PROJECT_VERSION = 1;
				GENERATE_INFOPLIST_FILE = NO;
				INFOPLIST_FILE = MoonCut/Info.plist;
				LD_RUNPATH_SEARCH_PATHS = (
					"$(inherited)",
					"@executable_path/Frameworks",
				);
				MARKETING_VERSION = 1.0.0;
				MOONCUT_API_BASE_URL = "$(MOONCUT_API_BASE_URL)";
				MOONCUT_TRUSTED_HOST = "$(MOONCUT_TRUSTED_HOST)";
				PRODUCT_BUNDLE_IDENTIFIER = com.mooncut.demo;
				PRODUCT_NAME = MoonCut;
				SDKROOT = iphoneos;
				TARGETED_DEVICE_FAMILY = "1,2";
			};
			name = Release;
		};
		F1AEE5B7D85C3D6E825240C7 /* Debug */ = {
			isa = XCBuildConfiguration;
			buildSettings = {
				BUNDLE_LOADER = "$(TEST_HOST)";
				GENERATE_INFOPLIST_FILE = YES;
				LD_RUNPATH_SEARCH_PATHS = (
					"$(inherited)",
					"@executable_path/Frameworks",
					"@loader_path/Frameworks",
				);
				PRODUCT_BUNDLE_IDENTIFIER = com.mooncut.demo.tests;
				SDKROOT = iphoneos;
				TARGETED_DEVICE_FAMILY = "1,2";
				TEST_HOST = "$(BUILT_PRODUCTS_DIR)/MoonCut.app/MoonCut";
			};
			name = Debug;
		};
		F31C21D41303BC5473B9FAC9 /* Debug */ = {
			isa = XCBuildConfiguration;
			baseConfigurationReference = 587774D4C70B689ABFBDD47F /* Debug.xcconfig */;
			buildSettings = {
				ALWAYS_SEARCH_USER_PATHS = NO;
				CLANG_ANALYZER_NONNULL = YES;
				CLANG_ANALYZER_NUMBER_OBJECT_CONVERSION = YES_AGGRESSIVE;
				CLANG_CXX_LANGUAGE_STANDARD = "gnu++14";
				CLANG_CXX_LIBRARY = "libc++";
				CLANG_ENABLE_MODULES = YES;
				CLANG_ENABLE_OBJC_ARC = YES;
				CLANG_ENABLE_OBJC_WEAK = YES;
				CLANG_WARN_BLOCK_CAPTURE_AUTORELEASING = YES;
				CLANG_WARN_BOOL_CONVERSION = YES;
				CLANG_WARN_COMMA = YES;
				CLANG_WARN_CONSTANT_CONVERSION = YES;
				CLANG_WARN_DEPRECATED_OBJC_IMPLEMENTATIONS = YES;
				CLANG_WARN_DIRECT_OBJC_ISA_USAGE = YES_ERROR;
				CLANG_WARN_DOCUMENTATION_COMMENTS = YES;
				CLANG_WARN_EMPTY_BODY = YES;
				CLANG_WARN_ENUM_CONVERSION = YES;
				CLANG_WARN_INFINITE_RECURSION = YES;
				CLANG_WARN_INT_CONVERSION = YES;
				CLANG_WARN_NON_LITERAL_NULL_CONVERSION = YES;
				CLANG_WARN_OBJC_IMPLICIT_RETAIN_SELF = YES;
				CLANG_WARN_OBJC_LITERAL_CONVERSION = YES;
				CLANG_WARN_OBJC_ROOT_CLASS = YES_ERROR;
				CLANG_WARN_QUOTED_INCLUDE_IN_FRAMEWORK_HEADER = YES;
				CLANG_WARN_RANGE_LOOP_ANALYSIS = YES;
				CLANG_WARN_STRICT_PROTOTYPES = YES;
				CLANG_WARN_SUSPICIOUS_MOVE = YES;
				CLANG_WARN_UNGUARDED_AVAILABILITY = YES_AGGRESSIVE;
				CLANG_WARN_UNREACHABLE_CODE = YES;
				CLANG_WARN__DUPLICATE_METHOD_MATCH = YES;
				CODE_SIGN_STYLE = Automatic;
				COPY_PHASE_STRIP = NO;
				DEBUG_INFORMATION_FORMAT = dwarf;
				DEVELOPMENT_TEAM = "";
				ENABLE_STRICT_OBJC_MSGSEND = YES;
				ENABLE_TESTABILITY = YES;
				GCC_C_LANGUAGE_STANDARD = gnu11;
				GCC_DYNAMIC_NO_PIC = NO;
				GCC_NO_COMMON_BLOCKS = YES;
				GCC_OPTIMIZATION_LEVEL = 0;
				GCC_PREPROCESSOR_DEFINITIONS = (
					"$(inherited)",
					"DEBUG=1",
				);
				GCC_WARN_64_TO_32_BIT_CONVERSION = YES;
				GCC_WARN_ABOUT_RETURN_TYPE = YES_ERROR;
				GCC_WARN_UNDECLARED_SELECTOR = YES;
				GCC_WARN_UNINITIALIZED_AUTOS = YES_AGGRESSIVE;
				GCC_WARN_UNUSED_FUNCTION = YES;
				GCC_WARN_UNUSED_VARIABLE = YES;
				IPHONEOS_DEPLOYMENT_TARGET = 17.0;
				MTL_ENABLE_DEBUG_INFO = INCLUDE_SOURCE;
				MTL_FAST_MATH = YES;
				ONLY_ACTIVE_ARCH = YES;
				PRODUCT_NAME = "$(TARGET_NAME)";
				SDKROOT = iphoneos;
				SUPPORTS_MACCATALYST = NO;
				SWIFT_OPTIMIZATION_LEVEL = "-Onone";
				SWIFT_VERSION = 5.0;
				TARGETED_DEVICE_FAMILY = 1;
			};
			name = Debug;
		};
/* End XCBuildConfiguration section */

/* Begin XCConfigurationList section */
		071009D80A03DD503719558A /* Build configuration list for PBXNativeTarget "MoonCut" */ = {
			isa = XCConfigurationList;
			buildConfigurations = (
				5FCF40163BCD2F26262183C9 /* Debug */,
				F1798BD895900327B0DB7DAF /* Release */,
			);
			defaultConfigurationIsVisible = 0;
			defaultConfigurationName = Debug;
		};
		293A479DE5F5FEDB35286519 /* Build configuration list for PBXNativeTarget "MoonCutTests" */ = {
			isa = XCConfigurationList;
			buildConfigurations = (
				F1AEE5B7D85C3D6E825240C7 /* Debug */,
				C89C829F42896E4D62DB858C /* Release */,
			);
			defaultConfigurationIsVisible = 0;
			defaultConfigurationName = Debug;
		};
		780279CC8416D4B36CAC85EA /* Build configuration list for PBXProject "MoonCut" */ = {
			isa = XCConfigurationList;
			buildConfigurations = (
				F31C21D41303BC5473B9FAC9 /* Debug */,
				4BBFC66BBECCA26BABE3D8B5 /* Release */,
			);
			defaultConfigurationIsVisible = 0;
			defaultConfigurationName = Debug;
		};
		8CFDED73921A87A69D51E380 /* Build configuration list for PBXNativeTarget "MoonCutUITests" */ = {
			isa = XCConfigurationList;
			buildConfigurations = (
				1B48351D83BB799ACB9FC3D4 /* Debug */,
				87BFB34E922180B27CBCDBD2 /* Release */,
			);
			defaultConfigurationIsVisible = 0;
			defaultConfigurationName = Debug;
		};
/* End XCConfigurationList section */
	};
	rootObject = DE521681B42CB85FE94F2E4F /* Project object */;
}
